
Microsoft Visual Studio Solution File, Format Version 12.00
# Visual Studio Version 16
VisualStudioVersion = 16.0.30011.22
MinimumVisualStudioVersion = 15.0.26124.0
Project("{2150E333-8FDC-42A3-9474-1A3956D46DE8}") = "Business", "Business", "{23FB33EE-B232-415B-9BB1-BF53A90E60DC}"
EndProject
Project("{9A19103F-16F7-4668-BE54-9A1E7A4F7556}") = "Api", "Business\Api\Api.csproj", "{17E72862-2921-484A-A1A5-72005C32970A}"
EndProject
Project("{9A19103F-16F7-4668-BE54-9A1E7A4F7556}") = "Core", "Business\Core\Core.csproj", "{652FDF97-1C78-4430-83F9-A6C4205EE259}"
EndProject
Project("{9A19103F-16F7-4668-BE54-9A1E7A4F7556}") = "Data", "Business\Data\Data.csproj", "{A1D1A457-9E5F-4733-A77C-C21DD65C966D}"
EndProject
Project("{9A19103F-16F7-4668-BE54-9A1E7A4F7556}") = "Services", "Business\Services\Services.csproj", "{52B9F916-1DF6-414C-AED3-0C546EFB0533}"
EndProject
Project("{2150E333-8FDC-42A3-9474-1A3956D46DE8}") = "Miscellaneous", "Miscellaneous", "{2E6DD44F-7255-4814-BA8D-5C7B46D694DA}"
EndProject
Project("{9A19103F-16F7-4668-BE54-9A1E7A4F7556}") = "Miscellaneous", "Miscellaneous\Miscellaneous.csproj", "{A02ADE87-5100-4E7C-929F-A3A2412D76A9}"
EndProject
Global
	GlobalSection(SolutionConfigurationPlatforms) = preSolution
		Debug|Any CPU = Debug|Any CPU
		Debug|x64 = Debug|x64
		Debug|x86 = Debug|x86
		Release|Any CPU = Release|Any CPU
		Release|x64 = Release|x64
		Release|x86 = Release|x86
	EndGlobalSection
	GlobalSection(ProjectConfigurationPlatforms) = postSolution
		{17E72862-2921-484A-A1A5-72005C32970A}.Debug|Any CPU.ActiveCfg = Debug|Any CPU
		{17E72862-2921-484A-A1A5-72005C32970A}.Debug|Any CPU.Build.0 = Debug|Any CPU
		{17E72862-2921-484A-A1A5-72005C32970A}.Debug|x64.ActiveCfg = Debug|Any CPU
		{17E72862-2921-484A-A1A5-72005C32970A}.Debug|x64.Build.0 = Debug|Any CPU
		{17E72862-2921-484A-A1A5-72005C32970A}.Debug|x86.ActiveCfg = Debug|Any CPU
		{17E72862-2921-484A-A1A5-72005C32970A}.Debug|x86.Build.0 = Debug|Any CPU
		{17E72862-2921-484A-A1A5-72005C32970A}.Release|Any CPU.ActiveCfg = Release|Any CPU
		{17E72862-2921-484A-A1A5-72005C32970A}.Release|Any CPU.Build.0 = Release|Any CPU
		{17E72862-2921-484A-A1A5-72005C32970A}.Release|x64.ActiveCfg = Release|Any CPU
		{17E72862-2921-484A-A1A5-72005C32970A}.Release|x64.Build.0 = Release|Any CPU
		{17E72862-2921-484A-A1A5-72005C32970A}.Release|x86.ActiveCfg = Release|Any CPU
		{17E72862-2921-484A-A1A5-72005C32970A}.Release|x86.Build.0 = Release|Any CPU
		{652FDF97-1C78-4430-83F9-A6C4205EE259}.Debug|Any CPU.ActiveCfg = Debug|Any CPU
		{652FDF97-1C78-4430-83F9-A6C4205EE259}.Debug|Any CPU.Build.0 = Debug|Any CPU
		{652FDF97-1C78-4430-83F9-A6C4205EE259}.Debug|x64.ActiveCfg = Debug|Any CPU
		{652FDF97-1C78-4430-83F9-A6C4205EE259}.Debug|x64.Build.0 = Debug|Any CPU
		{652FDF97-1C78-4430-83F9-A6C4205EE259}.Debug|x86.ActiveCfg = Debug|Any CPU
		{652FDF97-1C78-4430-83F9-A6C4205EE259}.Debug|x86.Build.0 = Debug|Any CPU
		{652FDF97-1C78-4430-83F9-A6C4205EE259}.Release|Any CPU.ActiveCfg = Release|Any CPU
		{652FDF97-1C78-4430-83F9-A6C4205EE259}.Release|Any CPU.Build.0 = Release|Any CPU
		{652FDF97-1C78-4430-83F9-A6C4205EE259}.Release|x64.ActiveCfg = Release|Any CPU
		{652FDF97-1C78-4430-83F9-A6C4205EE259}.Release|x64.Build.0 = Release|Any CPU
		{652FDF97-1C78-4430-83F9-A6C4205EE259}.Release|x86.ActiveCfg = Release|Any CPU
		{652FDF97-1C78-4430-83F9-A6C4205EE259}.Release|x86.Build.0 = Release|Any CPU
		{A1D1A457-9E5F-4733-A77C-C21DD65C966D}.Debug|Any CPU.ActiveCfg = Debug|Any CPU
		{A1D1A457-9E5F-4733-A77C-C21DD65C966D}.Debug|Any CPU.Build.0 = Debug|Any CPU
		{A1D1A457-9E5F-4733-A77C-C21DD65C966D}.Debug|x64.ActiveCfg = Debug|Any CPU
		{A1D1A457-9E5F-4733-A77C-C21DD65C966D}.Debug|x64.Build.0 = Debug|Any CPU
		{A1D1A457-9E5F-4733-A77C-C21DD65C966D}.Debug|x86.ActiveCfg = Debug|Any CPU
		{A1D1A457-9E5F-4733-A77C-C21DD65C966D}.Debug|x86.Build.0 = Debug|Any CPU
		{A1D1A457-9E5F-4733-A77C-C21DD65C966D}.Release|Any CPU.ActiveCfg = Release|Any CPU
		{A1D1A457-9E5F-4733-A77C-C21DD65C966D}.Release|Any CPU.Build.0 = Release|Any CPU
		{A1D1A457-9E5F-4733-A77C-C21DD65C966D}.Release|x64.ActiveCfg = Release|Any CPU
		{A1D1A457-9E5F-4733-A77C-C21DD65C966D}.Release|x64.Build.0 = Release|Any CPU
		{A1D1A457-9E5F-4733-A77C-C21DD65C966D}.Release|x86.ActiveCfg = Release|Any CPU
		{A1D1A457-9E5F-4733-A77C-C21DD65C966D}.Release|x86.Build.0 = Release|Any CPU
		{52B9F916-1DF6-414C-AED3-0C546EFB0533}.Debug|Any CPU.ActiveCfg = Debug|Any CPU
		{52B9F916-1DF6-414C-AED3-0C546EFB0533}.Debug|Any CPU.Build.0 = Debug|Any CPU
		{52B9F916-1DF6-414C-AED3-0C546EFB0533}.Debug|x64.ActiveCfg = Debug|Any CPU
		{52B9F916-1DF6-414C-AED3-0C546EFB0533}.Debug|x64.Build.0 = Debug|Any CPU
		{52B9F916-1DF6-414C-AED3-0C546EFB0533}.Debug|x86.ActiveCfg = Debug|Any CPU
		{52B9F916-1DF6-414C-AED3-0C546EFB0533}.Debug|x86.Build.0 = Debug|Any CPU
		{52B9F916-1DF6-414C-AED3-0C546EFB0533}.Release|Any CPU.ActiveCfg = Release|Any CPU
		{52B9F916-1DF6-414C-AED3-0C546EFB0533}.Release|Any CPU.Build.0 = Release|Any CPU
		{52B9F916-1DF6-414C-AED3-0C546EFB0533}.Release|x64.ActiveCfg = Release|Any CPU
		{52B9F916-1DF6-414C-AED3-0C546EFB0533}.Release|x64.Build.0 = Release|Any CPU
		{52B9F916-1DF6-414C-AED3-0C546EFB0533}.Release|x86.ActiveCfg = Release|Any CPU
		{52B9F916-1DF6-414C-AED3-0C546EFB0533}.Release|x86.Build.0 = Release|Any CPU
		{A02ADE87-5100-4E7C-929F-A3A2412D76A9}.Debug|Any CPU.ActiveCfg = Debug|Any CPU
		{A02ADE87-5100-4E7C-929F-A3A2412D76A9}.Debug|Any CPU.Build.0 = Debug|Any CPU
		{A02ADE87-5100-4E7C-929F-A3A2412D76A9}.Debug|x64.ActiveCfg = Debug|Any CPU
		{A02ADE87-5100-4E7C-929F-A3A2412D76A9}.Debug|x64.Build.0 = Debug|Any CPU
		{A02ADE87-5100-4E7C-929F-A3A2412D76A9}.Debug|x86.ActiveCfg = Debug|Any CPU
		{A02ADE87-5100-4E7C-929F-A3A2412D76A9}.Debug|x86.Build.0 = Debug|Any CPU
		{A02ADE87-5100-4E7C-929F-A3A2412D76A9}.Release|Any CPU.ActiveCfg = Release|Any CPU
		{A02ADE87-5100-4E7C-929F-A3A2412D76A9}.Release|Any CPU.Build.0 = Release|Any CPU
		{A02ADE87-5100-4E7C-929F-A3A2412D76A9}.Release|x64.ActiveCfg = Release|Any CPU
		{A02ADE87-5100-4E7C-929F-A3A2412D76A9}.Release|x64.Build.0 = Release|Any CPU
		{A02ADE87-5100-4E7C-929F-A3A2412D76A9}.Release|x86.ActiveCfg = Release|Any CPU
		{A02ADE87-5100-4E7C-929F-A3A2412D76A9}.Release|x86.Build.0 = Release|Any CPU
	EndGlobalSection
	GlobalSection(SolutionProperties) = preSolution
		HideSolutionNode = FALSE
	EndGlobalSection
	GlobalSection(NestedProjects) = preSolution
		{17E72862-2921-484A-A1A5-72005C32970A} = {23FB33EE-B232-415B-9BB1-BF53A90E60DC}
		{652FDF97-1C78-4430-83F9-A6C4205EE259} = {23FB33EE-B232-415B-9BB1-BF53A90E60DC}
		{A1D1A457-9E5F-4733-A77C-C21DD65C966D} = {23FB33EE-B232-415B-9BB1-BF53A90E60DC}
		{52B9F916-1DF6-414C-AED3-0C546EFB0533} = {23FB33EE-B232-415B-9BB1-BF53A90E60DC}
		{A02ADE87-5100-4E7C-929F-A3A2412D76A9} = {2E6DD44F-7255-4814-BA8D-5C7B46D694DA}
	EndGlobalSection
	GlobalSection(ExtensibilityGlobals) = postSolution
		SolutionGuid = {761F269C-E89F-4FF6-8052-7B5B10342773}
	EndGlobalSection
EndGlobal
